
Microsoft Visual Studio Solution File, Format Version 12.00
Project("{2150E333-8FDC-42A3-9474-1A3956D46DE8}") = "src", "src", "{69B28E20-E455-4434-B873-BF9F476558FF}"
EndProject
Project("{FAE04EC0-301F-11D3-BF4B-00C04F79EFBC}") = "Lorby.Domain", "Lorby.Domain\Lorby.Domain.csproj", "{FC2C0932-8B52-4B81-BF49-BF1276B83514}"
EndProject
Project("{FAE04EC0-301F-11D3-BF4B-00C04F79EFBC}") = "Lorby.Application", "Lorby.Application\Lorby.Application.csproj", "{67AEAF0B-A31A-4F53-9F44-F437EF107223}"
EndProject
Project("{FAE04EC0-301F-11D3-BF4B-00C04F79EFBC}") = "Lorby.Infrastructure", "Lorby.Infrastructure\Lorby.Infrastructure.csproj", "{A2A658B6-A018-48AD-BFE5-83574BBB34A4}"
EndProject
Project("{FAE04EC0-301F-11D3-BF4B-00C04F79EFBC}") = "Lorby.Persistence", "Lorby.Persistence\Lorby.Persistence.csproj", "{592B397D-AC75-4D4B-83C1-CCDA533FB8B4}"
EndProject
Project("{FAE04EC0-301F-11D3-BF4B-00C04F79EFBC}") = "Lorby.Api", "Lorby.Api\Lorby.Api.csproj", "{043D5776-F60A-4903-8ADA-7308E61A6A24}"
EndProject
Global
	GlobalSection(SolutionConfigurationPlatforms) = preSolution
		Debug|Any CPU = Debug|Any CPU
		Release|Any CPU = Release|Any CPU
	EndGlobalSection
	GlobalSection(NestedProjects) = preSolution
		{FC2C0932-8B52-4B81-BF49-BF1276B83514} = {69B28E20-E455-4434-B873-BF9F476558FF}
		{67AEAF0B-A31A-4F53-9F44-F437EF107223} = {69B28E20-E455-4434-B873-BF9F476558FF}
		{A2A658B6-A018-48AD-BFE5-83574BBB34A4} = {69B28E20-E455-4434-B873-BF9F476558FF}
		{592B397D-AC75-4D4B-83C1-CCDA533FB8B4} = {69B28E20-E455-4434-B873-BF9F476558FF}
		{043D5776-F60A-4903-8ADA-7308E61A6A24} = {69B28E20-E455-4434-B873-BF9F476558FF}
	EndGlobalSection
	GlobalSection(ProjectConfigurationPlatforms) = postSolution
		{FC2C0932-8B52-4B81-BF49-BF1276B83514}.Debug|Any CPU.ActiveCfg = Debug|Any CPU
		{FC2C0932-8B52-4B81-BF49-BF1276B83514}.Debug|Any CPU.Build.0 = Debug|Any CPU
		{FC2C0932-8B52-4B81-BF49-BF1276B83514}.Release|Any CPU.ActiveCfg = Release|Any CPU
		{FC2C0932-8B52-4B81-BF49-BF1276B83514}.Release|Any CPU.Build.0 = Release|Any CPU
		{67AEAF0B-A31A-4F53-9F44-F437EF107223}.Debug|Any CPU.ActiveCfg = Debug|Any CPU
		{67AEAF0B-A31A-4F53-9F44-F437EF107223}.Debug|Any CPU.Build.0 = Debug|Any CPU
		{67AEAF0B-A31A-4F53-9F44-F437EF107223}.Release|Any CPU.ActiveCfg = Release|Any CPU
		{67AEAF0B-A31A-4F53-9F44-F437EF107223}.Release|Any CPU.Build.0 = Release|Any CPU
		{A2A658B6-A018-48AD-BFE5-83574BBB34A4}.Debug|Any CPU.ActiveCfg = Debug|Any CPU
		{A2A658B6-A018-48AD-BFE5-83574BBB34A4}.Debug|Any CPU.Build.0 = Debug|Any CPU
		{A2A658B6-A018-48AD-BFE5-83574BBB34A4}.Release|Any CPU.ActiveCfg = Release|Any CPU
		{A2A658B6-A018-48AD-BFE5-83574BBB34A4}.Release|Any CPU.Build.0 = Release|Any CPU
		{592B397D-AC75-4D4B-83C1-CCDA533FB8B4}.Debug|Any CPU.ActiveCfg = Debug|Any CPU
		{592B397D-AC75-4D4B-83C1-CCDA533FB8B4}.Debug|Any CPU.Build.0 = Debug|Any CPU
		{592B397D-AC75-4D4B-83C1-CCDA533FB8B4}.Release|Any CPU.ActiveCfg = Release|Any CPU
		{592B397D-AC75-4D4B-83C1-CCDA533FB8B4}.Release|Any CPU.Build.0 = Release|Any CPU
		{043D5776-F60A-4903-8ADA-7308E61A6A24}.Debug|Any CPU.ActiveCfg = Debug|Any CPU
		{043D5776-F60A-4903-8ADA-7308E61A6A24}.Debug|Any CPU.Build.0 = Debug|Any CPU
		{043D5776-F60A-4903-8ADA-7308E61A6A24}.Release|Any CPU.ActiveCfg = Release|Any CPU
		{043D5776-F60A-4903-8ADA-7308E61A6A24}.Release|Any CPU.Build.0 = Release|Any CPU
	EndGlobalSection
EndGlobal
