
Microsoft Visual Studio Solution File, Format Version 12.00
Project("{FAE04EC0-301F-11D3-BF4B-00C04F79EFBC}") = "Domain", "Domain\Domain.csproj", "{4E4B0A2E-D564-48C3-9103-A2E261BC6ADE}"
EndProject
Project("{FAE04EC0-301F-11D3-BF4B-00C04F79EFBC}") = "Application", "Application\Application.csproj", "{C9DE5A55-EFD9-4656-9B2C-70E49A4CDE58}"
EndProject
Project("{FAE04EC0-301F-11D3-BF4B-00C04F79EFBC}") = "Persistence", "Persistence\Persistence.csproj", "{D944DC5B-D523-4820-8121-24D249F31E1A}"
EndProject
Project("{FAE04EC0-301F-11D3-BF4B-00C04F79EFBC}") = "Infrastructure", "Infrastructure\Infrastructure.csproj", "{33BDBD37-11DC-46A2-BB9A-989F17F51E04}"
EndProject
Project("{FAE04EC0-301F-11D3-BF4B-00C04F79EFBC}") = "Api.neew", "Api.neew\Api.neew.csproj", "{89109C77-0AFE-4CF4-84D5-36D5E3660BB7}"
EndProject
Global
	GlobalSection(SolutionConfigurationPlatforms) = preSolution
		Debug|Any CPU = Debug|Any CPU
		Release|Any CPU = Release|Any CPU
	EndGlobalSection
	GlobalSection(ProjectConfigurationPlatforms) = postSolution
		{4E4B0A2E-D564-48C3-9103-A2E261BC6ADE}.Debug|Any CPU.ActiveCfg = Debug|Any CPU
		{4E4B0A2E-D564-48C3-9103-A2E261BC6ADE}.Debug|Any CPU.Build.0 = Debug|Any CPU
		{4E4B0A2E-D564-48C3-9103-A2E261BC6ADE}.Release|Any CPU.ActiveCfg = Release|Any CPU
		{4E4B0A2E-D564-48C3-9103-A2E261BC6ADE}.Release|Any CPU.Build.0 = Release|Any CPU
		{C9DE5A55-EFD9-4656-9B2C-70E49A4CDE58}.Debug|Any CPU.ActiveCfg = Debug|Any CPU
		{C9DE5A55-EFD9-4656-9B2C-70E49A4CDE58}.Debug|Any CPU.Build.0 = Debug|Any CPU
		{C9DE5A55-EFD9-4656-9B2C-70E49A4CDE58}.Release|Any CPU.ActiveCfg = Release|Any CPU
		{C9DE5A55-EFD9-4656-9B2C-70E49A4CDE58}.Release|Any CPU.Build.0 = Release|Any CPU
		{D944DC5B-D523-4820-8121-24D249F31E1A}.Debug|Any CPU.ActiveCfg = Debug|Any CPU
		{D944DC5B-D523-4820-8121-24D249F31E1A}.Debug|Any CPU.Build.0 = Debug|Any CPU
		{D944DC5B-D523-4820-8121-24D249F31E1A}.Release|Any CPU.ActiveCfg = Release|Any CPU
		{D944DC5B-D523-4820-8121-24D249F31E1A}.Release|Any CPU.Build.0 = Release|Any CPU
		{33BDBD37-11DC-46A2-BB9A-989F17F51E04}.Debug|Any CPU.ActiveCfg = Debug|Any CPU
		{33BDBD37-11DC-46A2-BB9A-989F17F51E04}.Debug|Any CPU.Build.0 = Debug|Any CPU
		{33BDBD37-11DC-46A2-BB9A-989F17F51E04}.Release|Any CPU.ActiveCfg = Release|Any CPU
		{33BDBD37-11DC-46A2-BB9A-989F17F51E04}.Release|Any CPU.Build.0 = Release|Any CPU
		{89109C77-0AFE-4CF4-84D5-36D5E3660BB7}.Debug|Any CPU.ActiveCfg = Debug|Any CPU
		{89109C77-0AFE-4CF4-84D5-36D5E3660BB7}.Debug|Any CPU.Build.0 = Debug|Any CPU
		{89109C77-0AFE-4CF4-84D5-36D5E3660BB7}.Release|Any CPU.ActiveCfg = Release|Any CPU
		{89109C77-0AFE-4CF4-84D5-36D5E3660BB7}.Release|Any CPU.Build.0 = Release|Any CPU
	EndGlobalSection
EndGlobal
